
Microsoft Visual Studio Solution File, Format Version 12.00
# Visual Studio Version 17
VisualStudioVersion = 17.5.002.0
MinimumVisualStudioVersion = 10.0.40219.1
Project("{9A19103F-16F7-4668-BE54-9A1E7A4F7556}") = "Feedarr", "Feedarr.csproj", "{2D899614-EBCC-4FB1-AC9C-22C68E1E8224}"
EndProject
Global
	GlobalSection(SolutionConfigurationPlatforms) = preSolution
		Debug|Any CPU = Debug|Any CPU
		Release|Any CPU = Release|Any CPU
	EndGlobalSection
	GlobalSection(ProjectConfigurationPlatforms) = postSolution
		{2D899614-EBCC-4FB1-AC9C-22C68E1E8224}.Debug|Any CPU.ActiveCfg = Debug|Any CPU
		{2D899614-EBCC-4FB1-AC9C-22C68E1E8224}.Debug|Any CPU.Build.0 = Debug|Any CPU
		{2D899614-EBCC-4FB1-AC9C-22C68E1E8224}.Release|Any CPU.ActiveCfg = Release|Any CPU
		{2D899614-EBCC-4FB1-AC9C-22C68E1E8224}.Release|Any CPU.Build.0 = Release|Any CPU
	EndGlobalSection
	GlobalSection(SolutionProperties) = preSolution
		HideSolutionNode = FALSE
	EndGlobalSection
	GlobalSection(ExtensibilityGlobals) = postSolution
		SolutionGuid = {41B35BBF-5162-4856-8297-3AA358F92E46}
	EndGlobalSection
EndGlobal
